
Microsoft Visual Studio Solution File, Format Version 12.00
# Visual Studio Version 17
VisualStudioVersion = 17.3.32819.101
MinimumVisualStudioVersion = 10.0.40219.1
Project("{FAE04EC0-301F-11D3-BF4B-00C04F79EFBC}") = "parking_system", "parking_system\parking_system.csproj", "{A829E0DF-1F98-419E-A278-452C49D11456}"
EndProject
Global
	GlobalSection(SolutionConfigurationPlatforms) = preSolution
		Debug|Any CPU = Debug|Any CPU
		Release|Any CPU = Release|Any CPU
	EndGlobalSection
	GlobalSection(ProjectConfigurationPlatforms) = postSolution
		{A829E0DF-1F98-419E-A278-452C49D11456}.Debug|Any CPU.ActiveCfg = Debug|Any CPU
		{A829E0DF-1F98-419E-A278-452C49D11456}.Debug|Any CPU.Build.0 = Debug|Any CPU
		{A829E0DF-1F98-419E-A278-452C49D11456}.Release|Any CPU.ActiveCfg = Release|Any CPU
		{A829E0DF-1F98-419E-A278-452C49D11456}.Release|Any CPU.Build.0 = Release|Any CPU
	EndGlobalSection
	GlobalSection(SolutionProperties) = preSolution
		HideSolutionNode = FALSE
	EndGlobalSection
	GlobalSection(ExtensibilityGlobals) = postSolution
		SolutionGuid = {0AC06903-438C-48F5-A015-0942D62CA4F7}
	EndGlobalSection
EndGlobal
